// !$*UTF8*$!
{
	archiveVersion = 1;
	classes = {
	};
	objectVersion = 55;
	objects = {

/* Begin PBXBuildFile section */
		EFC1D0C928923FC600E026C0 /* AppDelegate.swift in Sources */ = {isa = PBXBuildFile; fileRef = EFC1D0C828923FC600E026C0 /* AppDelegate.swift */; };
		EFC1D0CB28923FC600E026C0 /* SceneDelegate.swift in Sources */ = {isa = PBXBuildFile; fileRef = EFC1D0CA28923FC600E026C0 /* SceneDelegate.swift */; };
		EFC1D0CD28923FC600E026C0 /* ViewController.swift in Sources */ = {isa = PBXBuildFile; fileRef = EFC1D0CC28923FC600E026C0 /* ViewController.swift */; };
		EFC1D0D028923FC600E026C0 /* Main.storyboard in Resources */ = {isa = PBXBuildFile; fileRef = EFC1D0CE28923FC600E026C0 /* Main.storyboard */; };
		EFC1D0D228923FC700E026C0 /* Assets.xcassets in Resources */ = {isa = PBXBuildFile; fileRef = EFC1D0D128923FC700E026C0 /* Assets.xcassets */; };
		EFC1D0D528923FC700E026C0 /* LaunchScreen.storyboard in Resources */ = {isa = PBXBuildFile; fileRef = EFC1D0D328923FC700E026C0 /* LaunchScreen.storyboard */; };
		EFC1D0DE2892401400E026C0 /* BaseDuck.swift in Sources */ = {isa = PBXBuildFile; fileRef = EFC1D0DD2892401400E026C0 /* BaseDuck.swift */; };
		EFF3416E28924DB600F5EB1B /* MallardDuck.swift in Sources */ = {isa = PBXBuildFile; fileRef = EFF3416D28924DB600F5EB1B /* MallardDuck.swift */; };
		EFF3417028924DBE00F5EB1B /* RedheadDuck.swift in Sources */ = {isa = PBXBuildFile; fileRef = EFF3416F28924DBE00F5EB1B /* RedheadDuck.swift */; };
		EFF3417228924DC700F5EB1B /* RubberDuck.swift in Sources */ = {isa = PBXBuildFile; fileRef = EFF3417128924DC700F5EB1B /* RubberDuck.swift */; };
		EFF3417428924DCE00F5EB1B /* DecoyDuck.swift in Sources */ = {isa = PBXBuildFile; fileRef = EFF3417328924DCE00F5EB1B /* DecoyDuck.swift */; };
		EFF34177289253FB00F5EB1B /* FlyBehaviour.swift in Sources */ = {isa = PBXBuildFile; fileRef = EFF34176289253FB00F5EB1B /* FlyBehaviour.swift */; };
		EFF341792892540200F5EB1B /* QuackBehaviour.swift in Sources */ = {isa = PBXBuildFile; fileRef = EFF341782892540200F5EB1B /* QuackBehaviour.swift */; };
/* End PBXBuildFile section */

/* Begin PBXFileReference section */
		EFC1D0C528923FC600E026C0 /* Interface-Composition-Pattern.app */ = {isa = PBXFileReference; explicitFileType = wrapper.application; includeInIndex = 0; path = "Interface-Composition-Pattern.app"; sourceTree = BUILT_PRODUCTS_DIR; };
		EFC1D0C828923FC600E026C0 /* AppDelegate.swift */ = {isa = PBXFileReference; lastKnownFileType = sourcecode.swift; path = AppDelegate.swift; sourceTree = "<group>"; };
		EFC1D0CA28923FC600E026C0 /* SceneDelegate.swift */ = {isa = PBXFileReference; lastKnownFileType = sourcecode.swift; path = SceneDelegate.swift; sourceTree = "<group>"; };
		EFC1D0CC28923FC600E026C0 /* ViewController.swift */ = {isa = PBXFileReference; lastKnownFileType = sourcecode.swift; path = ViewController.swift; sourceTree = "<group>"; };
		EFC1D0CF28923FC600E026C0 /* Base */ = {isa = PBXFileReference; lastKnownFileType = file.storyboard; name = Base; path = Base.lproj/Main.storyboard; sourceTree = "<group>"; };
		EFC1D0D128923FC700E026C0 /* Assets.xcassets */ = {isa = PBXFileReference; lastKnownFileType = folder.assetcatalog; path = Assets.xcassets; sourceTree = "<group>"; };
		EFC1D0D428923FC700E026C0 /* Base */ = {isa = PBXFileReference; lastKnownFileType = file.storyboard; name = Base; path = Base.lproj/LaunchScreen.storyboard; sourceTree = "<group>"; };
		EFC1D0D628923FC700E026C0 /* Info.plist */ = {isa = PBXFileReference; lastKnownFileType = text.plist.xml; path = Info.plist; sourceTree = "<group>"; };
		EFC1D0DD2892401400E026C0 /* BaseDuck.swift */ = {isa = PBXFileReference; lastKnownFileType = sourcecode.swift; path = BaseDuck.swift; sourceTree = "<group>"; };
		EFF3416D28924DB600F5EB1B /* MallardDuck.swift */ = {isa = PBXFileReference; lastKnownFileType = sourcecode.swift; path = MallardDuck.swift; sourceTree = "<group>"; };
		EFF3416F28924DBE00F5EB1B /* RedheadDuck.swift */ = {isa = PBXFileReference; lastKnownFileType = sourcecode.swift; path = RedheadDuck.swift; sourceTree = "<group>"; };
		EFF3417128924DC700F5EB1B /* RubberDuck.swift */ = {isa = PBXFileReference; lastKnownFileType = sourcecode.swift; path = RubberDuck.swift; sourceTree = "<group>"; };
		EFF3417328924DCE00F5EB1B /* DecoyDuck.swift */ = {isa = PBXFileReference; lastKnownFileType = sourcecode.swift; path = DecoyDuck.swift; sourceTree = "<group>"; };
		EFF34176289253FB00F5EB1B /* FlyBehaviour.swift */ = {isa = PBXFileReference; lastKnownFileType = sourcecode.swift; path = FlyBehaviour.swift; sourceTree = "<group>"; };
		EFF341782892540200F5EB1B /* QuackBehaviour.swift */ = {isa = PBXFileReference; lastKnownFileType = sourcecode.swift; path = QuackBehaviour.swift; sourceTree = "<group>"; };
/* End PBXFileReference section */

/* Begin PBXFrameworksBuildPhase section */
		EFC1D0C228923FC600E026C0 /* Frameworks */ = {
			isa = PBXFrameworksBuildPhase;
			buildActionMask = 2147483647;
			files = (
			);
			runOnlyForDeploymentPostprocessing = 0;
		};
/* End PBXFrameworksBuildPhase section */

/* Begin PBXGroup section */
		EFC1D0BC28923FC600E026C0 = {
			isa = PBXGroup;
			children = (
				EFC1D0C728923FC600E026C0 /* Interface-Composition-Pattern */,
				EFC1D0C628923FC600E026C0 /* Products */,
			);
			sourceTree = "<group>";
		};
		EFC1D0C628923FC600E026C0 /* Products */ = {
			isa = PBXGroup;
			children = (
				EFC1D0C528923FC600E026C0 /* Interface-Composition-Pattern.app */,
			);
			name = Products;
			sourceTree = "<group>";
		};
		EFC1D0C728923FC600E026C0 /* Interface-Composition-Pattern */ = {
			isa = PBXGroup;
			children = (
				EFC1D0C828923FC600E026C0 /* AppDelegate.swift */,
				EFC1D0CA28923FC600E026C0 /* SceneDelegate.swift */,
				EFC1D0CC28923FC600E026C0 /* ViewController.swift */,
				EFC1D0DC28923FDF00E026C0 /* Ducks */,
				EFC1D0CE28923FC600E026C0 /* Main.storyboard */,
				EFC1D0D128923FC700E026C0 /* Assets.xcassets */,
				EFC1D0D328923FC700E026C0 /* LaunchScreen.storyboard */,
				EFC1D0D628923FC700E026C0 /* Info.plist */,
			);
			path = "Interface-Composition-Pattern";
			sourceTree = "<group>";
		};
		EFC1D0DC28923FDF00E026C0 /* Ducks */ = {
			isa = PBXGroup;
			children = (
				EFF34175289253F000F5EB1B /* Behaviour */,
				EFC1D0DD2892401400E026C0 /* BaseDuck.swift */,
				EFF3417328924DCE00F5EB1B /* DecoyDuck.swift */,
				EFF3417128924DC700F5EB1B /* RubberDuck.swift */,
				EFF3416F28924DBE00F5EB1B /* RedheadDuck.swift */,
				EFF3416D28924DB600F5EB1B /* MallardDuck.swift */,
			);
			path = Ducks;
			sourceTree = "<group>";
		};
		EFF34175289253F000F5EB1B /* Behaviour */ = {
			isa = PBXGroup;
			children = (
				EFF34176289253FB00F5EB1B /* FlyBehaviour.swift */,
				EFF341782892540200F5EB1B /* QuackBehaviour.swift */,
			);
			path = Behaviour;
			sourceTree = "<group>";
		};
/* End PBXGroup section */

/* Begin PBXNativeTarget section */
		EFC1D0C428923FC600E026C0 /* Interface-Composition-Pattern */ = {
			isa = PBXNativeTarget;
			buildConfigurationList = EFC1D0D928923FC700E026C0 /* Build configuration list for PBXNativeTarget "Interface-Composition-Pattern" */;
			buildPhases = (
				EFC1D0C128923FC600E026C0 /* Sources */,
				EFC1D0C228923FC600E026C0 /* Frameworks */,
				EFC1D0C328923FC600E026C0 /* Resources */,
			);
			buildRules = (
			);
			dependencies = (
			);
			name = "Interface-Composition-Pattern";
			productName = "Interface-Composition-Pattern";
			productReference = EFC1D0C528923FC600E026C0 /* Interface-Composition-Pattern.app */;
			productType = "com.apple.product-type.application";
		};
/* End PBXNativeTarget section */

/* Begin PBXProject section */
		EFC1D0BD28923FC600E026C0 /* Project object */ = {
			isa = PBXProject;
			attributes = {
				BuildIndependentTargetsInParallel = 1;
				LastSwiftUpdateCheck = 1320;
				LastUpgradeCheck = 1320;
				TargetAttributes = {
					EFC1D0C428923FC600E026C0 = {
						CreatedOnToolsVersion = 13.2.1;
					};
				};
			};
			buildConfigurationList = EFC1D0C028923FC600E026C0 /* Build configuration list for PBXProject "Interface-Composition-Pattern" */;
			compatibilityVersion = "Xcode 13.0";
			developmentRegion = en;
			hasScannedForEncodings = 0;
			knownRegions = (
				en,
				Base,
			);
			mainGroup = EFC1D0BC28923FC600E026C0;
			productRefGroup = EFC1D0C628923FC600E026C0 /* Products */;
			projectDirPath = "";
			projectRoot = "";
			targets = (
				EFC1D0C428923FC600E026C0 /* Interface-Composition-Pattern */,
			);
		};
/* End PBXProject section */

/* Begin PBXResourcesBuildPhase section */
		EFC1D0C328923FC600E026C0 /* Resources */ = {
			isa = PBXResourcesBuildPhase;
			buildActionMask = 2147483647;
			files = (
				EFC1D0D528923FC700E026C0 /* LaunchScreen.storyboard in Resources */,
				EFC1D0D228923FC700E026C0 /* Assets.xcassets in Resources */,
				EFC1D0D028923FC600E026C0 /* Main.storyboard in Resources */,
			);
			runOnlyForDeploymentPostprocessing = 0;
		};
/* End PBXResourcesBuildPhase section */

/* Begin PBXSourcesBuildPhase section */
		EFC1D0C128923FC600E026C0 /* Sources */ = {
			isa = PBXSourcesBuildPhase;
			buildActionMask = 2147483647;
			files = (
				EFC1D0CD28923FC600E026C0 /* ViewController.swift in Sources */,
				EFF341792892540200F5EB1B /* QuackBehaviour.swift in Sources */,
				EFF3416E28924DB600F5EB1B /* MallardDuck.swift in Sources */,
				EFC1D0C928923FC600E026C0 /* AppDelegate.swift in Sources */,
				EFC1D0CB28923FC600E026C0 /* SceneDelegate.swift in Sources */,
				EFF3417028924DBE00F5EB1B /* RedheadDuck.swift in Sources */,
				EFF3417428924DCE00F5EB1B /* DecoyDuck.swift in Sources */,
				EFF3417228924DC700F5EB1B /* RubberDuck.swift in Sources */,
				EFF34177289253FB00F5EB1B /* FlyBehaviour.swift in Sources */,
				EFC1D0DE2892401400E026C0 /* BaseDuck.swift in Sources */,
			);
			runOnlyForDeploymentPostprocessing = 0;
		};
/* End PBXSourcesBuildPhase section */

/* Begin PBXVariantGroup section */
		EFC1D0CE28923FC600E026C0 /* Main.storyboard */ = {
			isa = PBXVariantGroup;
			children = (
				EFC1D0CF28923FC600E026C0 /* Base */,
			);
			name = Main.storyboard;
			sourceTree = "<group>";
		};
		EFC1D0D328923FC700E026C0 /* LaunchScreen.storyboard */ = {
			isa = PBXVariantGroup;
			children = (
				EFC1D0D428923FC700E026C0 /* Base */,
			);
			name = LaunchScreen.storyboard;
			sourceTree = "<group>";
		};
/* End PBXVariantGroup section */

/* Begin XCBuildConfiguration section */
		EFC1D0D728923FC700E026C0 /* Debug */ = {
			isa = XCBuildConfiguration;
			buildSettings = {
				ALWAYS_SEARCH_USER_PATHS = NO;
				CLANG_ANALYZER_NONNULL = YES;
				CLANG_ANALYZER_NUMBER_OBJECT_CONVERSION = YES_AGGRESSIVE;
				CLANG_CXX_LANGUAGE_STANDARD = "gnu++17";
				CLANG_CXX_LIBRARY = "libc++";
				CLANG_ENABLE_MODULES = YES;
				CLANG_ENABLE_OBJC_ARC = YES;
				CLANG_ENABLE_OBJC_WEAK = YES;
				CLANG_WARN_BLOCK_CAPTURE_AUTORELEASING = YES;
				CLANG_WARN_BOOL_CONVERSION = YES;
				CLANG_WARN_COMMA = YES;
				CLANG_WARN_CONSTANT_CONVERSION = YES;
				CLANG_WARN_DEPRECATED_OBJC_IMPLEMENTATIONS = YES;
				CLANG_WARN_DIRECT_OBJC_ISA_USAGE = YES_ERROR;
				CLANG_WARN_DOCUMENTATION_COMMENTS = YES;
				CLANG_WARN_EMPTY_BODY = YES;
				CLANG_WARN_ENUM_CONVERSION = YES;
				CLANG_WARN_INFINITE_RECURSION = YES;
				CLANG_WARN_INT_CONVERSION = YES;
				CLANG_WARN_NON_LITERAL_NULL_CONVERSION = YES;
				CLANG_WARN_OBJC_IMPLICIT_RETAIN_SELF = YES;
				CLANG_WARN_OBJC_LITERAL_CONVERSION = YES;
				CLANG_WARN_OBJC_ROOT_CLASS = YES_ERROR;
				CLANG_WARN_QUOTED_INCLUDE_IN_FRAMEWORK_HEADER = YES;
				CLANG_WARN_RANGE_LOOP_ANALYSIS = YES;
				CLANG_WARN_STRICT_PROTOTYPES = YES;
				CLANG_WARN_SUSPICIOUS_MOVE = YES;
				CLANG_WARN_UNGUARDED_AVAILABILITY = YES_AGGRESSIVE;
				CLANG_WARN_UNREACHABLE_CODE = YES;
				CLANG_WARN__DUPLICATE_METHOD_MATCH = YES;
				COPY_PHASE_STRIP = NO;
				DEBUG_INFORMATION_FORMAT = dwarf;
				ENABLE_STRICT_OBJC_MSGSEND = YES;
				ENABLE_TESTABILITY = YES;
				GCC_C_LANGUAGE_STANDARD = gnu11;
				GCC_DYNAMIC_NO_PIC = NO;
				GCC_NO_COMMON_BLOCKS = YES;
				GCC_OPTIMIZATION_LEVEL = 0;
				GCC_PREPROCESSOR_DEFINITIONS = (
					"DEBUG=1",
					"$(inherited)",
				);
				GCC_WARN_64_TO_32_BIT_CONVERSION = YES;
				GCC_WARN_ABOUT_RETURN_TYPE = YES_ERROR;
				GCC_WARN_UNDECLARED_SELECTOR = YES;
				GCC_WARN_UNINITIALIZED_AUTOS = YES_AGGRESSIVE;
				GCC_WARN_UNUSED_FUNCTION = YES;
				GCC_WARN_UNUSED_VARIABLE = YES;
				IPHONEOS_DEPLOYMENT_TARGET = 15.2;
				MTL_ENABLE_DEBUG_INFO = INCLUDE_SOURCE;
				MTL_FAST_MATH = YES;
				ONLY_ACTIVE_ARCH = YES;
				SDKROOT = iphoneos;
				SWIFT_ACTIVE_COMPILATION_CONDITIONS = DEBUG;
				SWIFT_OPTIMIZATION_LEVEL = "-Onone";
			};
			name = Debug;
		};
		EFC1D0D828923FC700E026C0 /* Release */ = {
			isa = XCBuildConfiguration;
			buildSettings = {
				ALWAYS_SEARCH_USER_PATHS = NO;
				CLANG_ANALYZER_NONNULL = YES;
				CLANG_ANALYZER_NUMBER_OBJECT_CONVERSION = YES_AGGRESSIVE;
				CLANG_CXX_LANGUAGE_STANDARD = "gnu++17";
				CLANG_CXX_LIBRARY = "libc++";
				CLANG_ENABLE_MODULES = YES;
				CLANG_ENABLE_OBJC_ARC = YES;
				CLANG_ENABLE_OBJC_WEAK = YES;
				CLANG_WARN_BLOCK_CAPTURE_AUTORELEASING = YES;
				CLANG_WARN_BOOL_CONVERSION = YES;
				CLANG_WARN_COMMA = YES;
				CLANG_WARN_CONSTANT_CONVERSION = YES;
				CLANG_WARN_DEPRECATED_OBJC_IMPLEMENTATIONS = YES;
				CLANG_WARN_DIRECT_OBJC_ISA_USAGE = YES_ERROR;
				CLANG_WARN_DOCUMENTATION_COMMENTS = YES;
				CLANG_WARN_EMPTY_BODY = YES;
				CLANG_WARN_ENUM_CONVERSION = YES;
				CLANG_WARN_INFINITE_RECURSION = YES;
				CLANG_WARN_INT_CONVERSION = YES;
				CLANG_WARN_NON_LITERAL_NULL_CONVERSION = YES;
				CLANG_WARN_OBJC_IMPLICIT_RETAIN_SELF = YES;
				CLANG_WARN_OBJC_LITERAL_CONVERSION = YES;
				CLANG_WARN_OBJC_ROOT_CLASS = YES_ERROR;
				CLANG_WARN_QUOTED_INCLUDE_IN_FRAMEWORK_HEADER = YES;
				CLANG_WARN_RANGE_LOOP_ANALYSIS = YES;
				CLANG_WARN_STRICT_PROTOTYPES = YES;
				CLANG_WARN_SUSPICIOUS_MOVE = YES;
				CLANG_WARN_UNGUARDED_AVAILABILITY = YES_AGGRESSIVE;
				CLANG_WARN_UNREACHABLE_CODE = YES;
				CLANG_WARN__DUPLICATE_METHOD_MATCH = YES;
				COPY_PHASE_STRIP = NO;
				DEBUG_INFORMATION_FORMAT = "dwarf-with-dsym";
				ENABLE_NS_ASSERTIONS = NO;
				ENABLE_STRICT_OBJC_MSGSEND = YES;
				GCC_C_LANGUAGE_STANDARD = gnu11;
				GCC_NO_COMMON_BLOCKS = YES;
				GCC_WARN_64_TO_32_BIT_CONVERSION = YES;
				GCC_WARN_ABOUT_RETURN_TYPE = YES_ERROR;
				GCC_WARN_UNDECLARED_SELECTOR = YES;
				GCC_WARN_UNINITIALIZED_AUTOS = YES_AGGRESSIVE;
				GCC_WARN_UNUSED_FUNCTION = YES;
				GCC_WARN_UNUSED_VARIABLE = YES;
				IPHONEOS_DEPLOYMENT_TARGET = 15.2;
				MTL_ENABLE_DEBUG_INFO = NO;
				MTL_FAST_MATH = YES;
				SDKROOT = iphoneos;
				SWIFT_COMPILATION_MODE = wholemodule;
				SWIFT_OPTIMIZATION_LEVEL = "-O";
				VALIDATE_PRODUCT = YES;
			};
			name = Release;
		};
		EFC1D0DA28923FC700E026C0 /* Debug */ = {
			isa = XCBuildConfiguration;
			buildSettings = {
				ASSETCATALOG_COMPILER_APPICON_NAME = AppIcon;
				ASSETCATALOG_COMPILER_GLOBAL_ACCENT_COLOR_NAME = AccentColor;
				CODE_SIGN_STYLE = Automatic;
				CURRENT_PROJECT_VERSION = 1;
				DEVELOPMENT_TEAM = 3PWVABJG5K;
				GENERATE_INFOPLIST_FILE = YES;
				INFOPLIST_FILE = "Interface-Composition-Pattern/Info.plist";
				INFOPLIST_KEY_UIApplicationSupportsIndirectInputEvents = YES;
				INFOPLIST_KEY_UILaunchStoryboardName = LaunchScreen;
				INFOPLIST_KEY_UIMainStoryboardFile = Main;
				INFOPLIST_KEY_UISupportedInterfaceOrientations_iPad = "UIInterfaceOrientationPortrait UIInterfaceOrientationPortraitUpsideDown UIInterfaceOrientationLandscapeLeft UIInterfaceOrientationLandscapeRight";
				INFOPLIST_KEY_UISupportedInterfaceOrientations_iPhone = "UIInterfaceOrientationPortrait UIInterfaceOrientationLandscapeLeft UIInterfaceOrientationLandscapeRight";
				LD_RUNPATH_SEARCH_PATHS = (
					"$(inherited)",
					"@executable_path/Frameworks",
				);
				MARKETING_VERSION = 1.0;
				PRODUCT_BUNDLE_IDENTIFIER = "com.arkit.nagarro.ankit.dev.Interface-Composition-Pattern";
				PRODUCT_NAME = "$(TARGET_NAME)";
				SWIFT_EMIT_LOC_STRINGS = YES;
				SWIFT_VERSION = 5.0;
				TARGETED_DEVICE_FAMILY = "1,2";
			};
			name = Debug;
		};
		EFC1D0DB28923FC700E026C0 /* Release */ = {
			isa = XCBuildConfiguration;
			buildSettings = {
				ASSETCATALOG_COMPILER_APPICON_NAME = AppIcon;
				ASSETCATALOG_COMPILER_GLOBAL_ACCENT_COLOR_NAME = AccentColor;
				CODE_SIGN_STYLE = Automatic;
				CURRENT_PROJECT_VERSION = 1;
				DEVELOPMENT_TEAM = 3PWVABJG5K;
				GENERATE_INFOPLIST_FILE = YES;
				INFOPLIST_FILE = "Interface-Composition-Pattern/Info.plist";
				INFOPLIST_KEY_UIApplicationSupportsIndirectInputEvents = YES;
				INFOPLIST_KEY_UILaunchStoryboardName = LaunchScreen;
				INFOPLIST_KEY_UIMainStoryboardFile = Main;
				INFOPLIST_KEY_UISupportedInterfaceOrientations_iPad = "UIInterfaceOrientationPortrait UIInterfaceOrientationPortraitUpsideDown UIInterfaceOrientationLandscapeLeft UIInterfaceOrientationLandscapeRight";
				INFOPLIST_KEY_UISupportedInterfaceOrientations_iPhone = "UIInterfaceOrientationPortrait UIInterfaceOrientationLandscapeLeft UIInterfaceOrientationLandscapeRight";
				LD_RUNPATH_SEARCH_PATHS = (
					"$(inherited)",
					"@executable_path/Frameworks",
				);
				MARKETING_VERSION = 1.0;
				PRODUCT_BUNDLE_IDENTIFIER = "com.arkit.nagarro.ankit.dev.Interface-Composition-Pattern";
				PRODUCT_NAME = "$(TARGET_NAME)";
				SWIFT_EMIT_LOC_STRINGS = YES;
				SWIFT_VERSION = 5.0;
				TARGETED_DEVICE_FAMILY = "1,2";
			};
			name = Release;
		};
/* End XCBuildConfiguration section */

/* Begin XCConfigurationList section */
		EFC1D0C028923FC600E026C0 /* Build configuration list for PBXProject "Interface-Composition-Pattern" */ = {
			isa = XCConfigurationList;
			buildConfigurations = (
				EFC1D0D728923FC700E026C0 /* Debug */,
				EFC1D0D828923FC700E026C0 /* Release */,
			);
			defaultConfigurationIsVisible = 0;
			defaultConfigurationName = Release;
		};
		EFC1D0D928923FC700E026C0 /* Build configuration list for PBXNativeTarget "Interface-Composition-Pattern" */ = {
			isa = XCConfigurationList;
			buildConfigurations = (
				EFC1D0DA28923FC700E026C0 /* Debug */,
				EFC1D0DB28923FC700E026C0 /* Release */,
			);
			defaultConfigurationIsVisible = 0;
			defaultConfigurationName = Release;
		};
/* End XCConfigurationList section */
	};
	rootObject = EFC1D0BD28923FC600E026C0 /* Project object */;
}
